
Microsoft Visual Studio Solution File, Format Version 12.00
# Visual Studio 15
VisualStudioVersion = 15.0.28010.2036
MinimumVisualStudioVersion = 10.0.40219.1
Project("{FAE04EC0-301F-11D3-BF4B-00C04F79EFBC}") = "AdminSystemCodeFirst", "AdminSystemCodeFirst\AdminSystemCodeFirst.csproj", "{655BAFCC-1E9C-4A59-9F72-B82DC4AB2821}"
EndProject
Global
	GlobalSection(SolutionConfigurationPlatforms) = preSolution
		Debug|Any CPU = Debug|Any CPU
		Release|Any CPU = Release|Any CPU
	EndGlobalSection
	GlobalSection(ProjectConfigurationPlatforms) = postSolution
		{655BAFCC-1E9C-4A59-9F72-B82DC4AB2821}.Debug|Any CPU.ActiveCfg = Debug|Any CPU
		{655BAFCC-1E9C-4A59-9F72-B82DC4AB2821}.Debug|Any CPU.Build.0 = Debug|Any CPU
		{655BAFCC-1E9C-4A59-9F72-B82DC4AB2821}.Release|Any CPU.ActiveCfg = Release|Any CPU
		{655BAFCC-1E9C-4A59-9F72-B82DC4AB2821}.Release|Any CPU.Build.0 = Release|Any CPU
	EndGlobalSection
	GlobalSection(SolutionProperties) = preSolution
		HideSolutionNode = FALSE
	EndGlobalSection
	GlobalSection(ExtensibilityGlobals) = postSolution
		SolutionGuid = {384E70DF-57FA-4855-9485-523A04A847BD}
	EndGlobalSection
EndGlobal
